
Microsoft Visual Studio Solution File, Format Version 10.00
# Visual Studio 2008
Project("{FAE04EC0-301F-11D3-BF4B-00C04F79EFBC}") = "Registry", "Registry\Registry.csproj", "{ABE3F263-438D-424E-870C-50A7CB134DC2}"
EndProject
Project("{FAE04EC0-301F-11D3-BF4B-00C04F79EFBC}") = "Service", "Service\Service.csproj", "{3509E6B7-1F72-4FE8-B324-015437DD679A}"
EndProject
Project("{FAE04EC0-301F-11D3-BF4B-00C04F79EFBC}") = "clrzmq", "clrzmq\clrzmq.csproj", "{FE6D6CDD-8A04-4A3A-A654-5C687AB724E3}"
EndProject
Project("{FAE04EC0-301F-11D3-BF4B-00C04F79EFBC}") = "TestServiceServer", "TestServiceServer\TestServiceServer.csproj", "{F0375E71-0E7C-4C33-8331-06B45FB57217}"
EndProject
Project("{FAE04EC0-301F-11D3-BF4B-00C04F79EFBC}") = "TestServiceClient", "TestServiceClient\TestServiceClient.csproj", "{A05F711C-DDF4-495D-9CA6-4B3F830D21A6}"
EndProject
Global
	GlobalSection(SolutionConfigurationPlatforms) = preSolution
		Debug|x86 = Debug|x86
		Release|x86 = Release|x86
		POSIX_DEBUG|x64 = POSIX_DEBUG|x64
		POSIX_DEBUG|x86 = POSIX_DEBUG|x86
		POSIX_RELEASE|x64 = POSIX_RELEASE|x64
		POSIX_RELEASE|x86 = POSIX_RELEASE|x86
		WIN_DEBUG|x64 = WIN_DEBUG|x64
		WIN_RELEASE|x64 = WIN_RELEASE|x64
		WIN_DEBUG|x86 = WIN_DEBUG|x86
		WIN_RELEASE|x86 = WIN_RELEASE|x86
	EndGlobalSection
	GlobalSection(ProjectConfigurationPlatforms) = postSolution
		{3509E6B7-1F72-4FE8-B324-015437DD679A}.Debug|x86.ActiveCfg = Debug|x86
		{3509E6B7-1F72-4FE8-B324-015437DD679A}.Debug|x86.Build.0 = Debug|x86
		{3509E6B7-1F72-4FE8-B324-015437DD679A}.Release|x86.ActiveCfg = Release|x86
		{3509E6B7-1F72-4FE8-B324-015437DD679A}.Release|x86.Build.0 = Release|x86
		{A05F711C-DDF4-495D-9CA6-4B3F830D21A6}.Debug|x86.ActiveCfg = Debug|x86
		{A05F711C-DDF4-495D-9CA6-4B3F830D21A6}.Debug|x86.Build.0 = Debug|x86
		{A05F711C-DDF4-495D-9CA6-4B3F830D21A6}.POSIX_DEBUG|x64.ActiveCfg = Debug|x86
		{A05F711C-DDF4-495D-9CA6-4B3F830D21A6}.POSIX_DEBUG|x64.Build.0 = Debug|x86
		{A05F711C-DDF4-495D-9CA6-4B3F830D21A6}.POSIX_DEBUG|x86.ActiveCfg = Debug|x86
		{A05F711C-DDF4-495D-9CA6-4B3F830D21A6}.POSIX_DEBUG|x86.Build.0 = Debug|x86
		{A05F711C-DDF4-495D-9CA6-4B3F830D21A6}.POSIX_RELEASE|x64.ActiveCfg = Debug|x86
		{A05F711C-DDF4-495D-9CA6-4B3F830D21A6}.POSIX_RELEASE|x64.Build.0 = Debug|x86
		{A05F711C-DDF4-495D-9CA6-4B3F830D21A6}.POSIX_RELEASE|x86.ActiveCfg = Debug|x86
		{A05F711C-DDF4-495D-9CA6-4B3F830D21A6}.POSIX_RELEASE|x86.Build.0 = Debug|x86
		{A05F711C-DDF4-495D-9CA6-4B3F830D21A6}.Release|x86.ActiveCfg = Release|x86
		{A05F711C-DDF4-495D-9CA6-4B3F830D21A6}.Release|x86.Build.0 = Release|x86
		{A05F711C-DDF4-495D-9CA6-4B3F830D21A6}.WIN_DEBUG|x64.ActiveCfg = Debug|x86
		{A05F711C-DDF4-495D-9CA6-4B3F830D21A6}.WIN_DEBUG|x64.Build.0 = Debug|x86
		{A05F711C-DDF4-495D-9CA6-4B3F830D21A6}.WIN_DEBUG|x86.ActiveCfg = Debug|x86
		{A05F711C-DDF4-495D-9CA6-4B3F830D21A6}.WIN_DEBUG|x86.Build.0 = Debug|x86
		{A05F711C-DDF4-495D-9CA6-4B3F830D21A6}.WIN_RELEASE|x64.ActiveCfg = Debug|x86
		{A05F711C-DDF4-495D-9CA6-4B3F830D21A6}.WIN_RELEASE|x64.Build.0 = Debug|x86
		{A05F711C-DDF4-495D-9CA6-4B3F830D21A6}.WIN_RELEASE|x86.ActiveCfg = Debug|x86
		{A05F711C-DDF4-495D-9CA6-4B3F830D21A6}.WIN_RELEASE|x86.Build.0 = Debug|x86
		{ABE3F263-438D-424E-870C-50A7CB134DC2}.Debug|x86.ActiveCfg = Debug|x86
		{ABE3F263-438D-424E-870C-50A7CB134DC2}.Debug|x86.Build.0 = Debug|x86
		{ABE3F263-438D-424E-870C-50A7CB134DC2}.Release|x86.ActiveCfg = Release|x86
		{ABE3F263-438D-424E-870C-50A7CB134DC2}.Release|x86.Build.0 = Release|x86
		{F0375E71-0E7C-4C33-8331-06B45FB57217}.Debug|x86.ActiveCfg = Debug|x86
		{F0375E71-0E7C-4C33-8331-06B45FB57217}.Debug|x86.Build.0 = Debug|x86
		{F0375E71-0E7C-4C33-8331-06B45FB57217}.POSIX_DEBUG|x64.ActiveCfg = Debug|x86
		{F0375E71-0E7C-4C33-8331-06B45FB57217}.POSIX_DEBUG|x64.Build.0 = Debug|x86
		{F0375E71-0E7C-4C33-8331-06B45FB57217}.POSIX_DEBUG|x86.ActiveCfg = Debug|x86
		{F0375E71-0E7C-4C33-8331-06B45FB57217}.POSIX_DEBUG|x86.Build.0 = Debug|x86
		{F0375E71-0E7C-4C33-8331-06B45FB57217}.POSIX_RELEASE|x64.ActiveCfg = Debug|x86
		{F0375E71-0E7C-4C33-8331-06B45FB57217}.POSIX_RELEASE|x64.Build.0 = Debug|x86
		{F0375E71-0E7C-4C33-8331-06B45FB57217}.POSIX_RELEASE|x86.ActiveCfg = Debug|x86
		{F0375E71-0E7C-4C33-8331-06B45FB57217}.POSIX_RELEASE|x86.Build.0 = Debug|x86
		{F0375E71-0E7C-4C33-8331-06B45FB57217}.Release|x86.ActiveCfg = Release|x86
		{F0375E71-0E7C-4C33-8331-06B45FB57217}.Release|x86.Build.0 = Release|x86
		{F0375E71-0E7C-4C33-8331-06B45FB57217}.WIN_DEBUG|x64.ActiveCfg = Debug|x86
		{F0375E71-0E7C-4C33-8331-06B45FB57217}.WIN_DEBUG|x64.Build.0 = Debug|x86
		{F0375E71-0E7C-4C33-8331-06B45FB57217}.WIN_DEBUG|x86.ActiveCfg = Debug|x86
		{F0375E71-0E7C-4C33-8331-06B45FB57217}.WIN_DEBUG|x86.Build.0 = Debug|x86
		{F0375E71-0E7C-4C33-8331-06B45FB57217}.WIN_RELEASE|x64.ActiveCfg = Debug|x86
		{F0375E71-0E7C-4C33-8331-06B45FB57217}.WIN_RELEASE|x64.Build.0 = Debug|x86
		{F0375E71-0E7C-4C33-8331-06B45FB57217}.WIN_RELEASE|x86.ActiveCfg = Debug|x86
		{F0375E71-0E7C-4C33-8331-06B45FB57217}.WIN_RELEASE|x86.Build.0 = Debug|x86
		{FE6D6CDD-8A04-4A3A-A654-5C687AB724E3}.Debug|x86.ActiveCfg = WIN_DEBUG|x86
		{FE6D6CDD-8A04-4A3A-A654-5C687AB724E3}.Debug|x86.Build.0 = WIN_DEBUG|x86
		{FE6D6CDD-8A04-4A3A-A654-5C687AB724E3}.POSIX_DEBUG|x64.ActiveCfg = POSIX_DEBUG|x64
		{FE6D6CDD-8A04-4A3A-A654-5C687AB724E3}.POSIX_DEBUG|x64.Build.0 = POSIX_DEBUG|x64
		{FE6D6CDD-8A04-4A3A-A654-5C687AB724E3}.POSIX_DEBUG|x86.ActiveCfg = POSIX_DEBUG|x86
		{FE6D6CDD-8A04-4A3A-A654-5C687AB724E3}.POSIX_DEBUG|x86.Build.0 = POSIX_DEBUG|x86
		{FE6D6CDD-8A04-4A3A-A654-5C687AB724E3}.POSIX_RELEASE|x64.ActiveCfg = POSIX_RELEASE|x64
		{FE6D6CDD-8A04-4A3A-A654-5C687AB724E3}.POSIX_RELEASE|x64.Build.0 = POSIX_RELEASE|x64
		{FE6D6CDD-8A04-4A3A-A654-5C687AB724E3}.POSIX_RELEASE|x86.ActiveCfg = POSIX_RELEASE|x86
		{FE6D6CDD-8A04-4A3A-A654-5C687AB724E3}.POSIX_RELEASE|x86.Build.0 = POSIX_RELEASE|x86
		{FE6D6CDD-8A04-4A3A-A654-5C687AB724E3}.Release|x86.ActiveCfg = WIN_RELEASE|x86
		{FE6D6CDD-8A04-4A3A-A654-5C687AB724E3}.Release|x86.Build.0 = WIN_RELEASE|x86
		{FE6D6CDD-8A04-4A3A-A654-5C687AB724E3}.WIN_DEBUG|x64.ActiveCfg = WIN_DEBUG|x64
		{FE6D6CDD-8A04-4A3A-A654-5C687AB724E3}.WIN_DEBUG|x64.Build.0 = WIN_DEBUG|x64
		{FE6D6CDD-8A04-4A3A-A654-5C687AB724E3}.WIN_DEBUG|x86.ActiveCfg = WIN_DEBUG|x86
		{FE6D6CDD-8A04-4A3A-A654-5C687AB724E3}.WIN_DEBUG|x86.Build.0 = WIN_DEBUG|x86
		{FE6D6CDD-8A04-4A3A-A654-5C687AB724E3}.WIN_RELEASE|x64.ActiveCfg = WIN_RELEASE|x64
		{FE6D6CDD-8A04-4A3A-A654-5C687AB724E3}.WIN_RELEASE|x64.Build.0 = WIN_RELEASE|x64
		{FE6D6CDD-8A04-4A3A-A654-5C687AB724E3}.WIN_RELEASE|x86.ActiveCfg = WIN_RELEASE|x86
		{FE6D6CDD-8A04-4A3A-A654-5C687AB724E3}.WIN_RELEASE|x86.Build.0 = WIN_RELEASE|x86
	EndGlobalSection
	GlobalSection(MonoDevelopProperties) = preSolution
		StartupItem = Registry\Registry.csproj
		Policies = $0
		$0.DotNetNamingPolicy = $1
		$1.DirectoryNamespaceAssociation = None
		$1.ResourceNamePolicy = FileFormatDefault
		$0.TextStylePolicy = $2
		$2.FileWidth = 120
		$2.RemoveTrailingWhitespace = True
		$2.inheritsSet = VisualStudio
		$2.inheritsScope = text/plain
		$2.scope = text/x-csharp
		$0.CSharpFormattingPolicy = $3
		$3.IndentNamespaceBody = False
		$3.IndentMethodBody = False
		$3.IndentSwitchBody = True
		$3.NamespaceBraceStyle = EndOfLine
		$3.ClassBraceStyle = EndOfLine
		$3.InterfaceBraceStyle = EndOfLine
		$3.StructBraceStyle = EndOfLine
		$3.EnumBraceStyle = EndOfLine
		$3.MethodBraceStyle = EndOfLine
		$3.ConstructorBraceStyle = EndOfLine
		$3.DestructorBraceStyle = EndOfLine
		$3.BeforeMethodCallParentheses = False
		$3.BeforeMethodDeclarationParentheses = False
		$3.BeforeConstructorDeclarationParentheses = False
		$3.BeforeDelegateDeclarationParentheses = False
		$3.NewParentheses = False
		$3.IfParentheses = False
		$3.WhileParentheses = False
		$3.ForParentheses = False
		$3.ForeachParentheses = False
		$3.CatchParentheses = False
		$3.SwitchParentheses = False
		$3.LockParentheses = False
		$3.UsingParentheses = False
		$3.inheritsSet = Mono
		$3.inheritsScope = text/x-csharp
		$3.scope = text/x-csharp
		$0.TextStylePolicy = $4
		$4.FileWidth = 120
		$4.TabWidth = 4
		$4.inheritsSet = Mono
		$4.inheritsScope = text/plain
		$4.scope = text/plain
		$0.StandardHeader = $5
		$5.Text = 
		$5.inheritsSet = Apache2License
		$0.VersionControlPolicy = $6
		$6.inheritsSet = Mono
		$0.ChangeLogPolicy = $7
		$7.UpdateMode = None
		$7.MessageStyle = $8
		$8.LineAlign = 0
		$7.inheritsSet = Mono
	EndGlobalSection
EndGlobal
